
Microsoft Visual Studio Solution File, Format Version 12.00
# Visual Studio Version 17
VisualStudioVersion = 17.9.34607.119
MinimumVisualStudioVersion = 10.0.40219.1
Project("{9A19103F-16F7-4668-BE54-9A1E7A4F7556}") = "Muzonia.Core", "Muzonia.Core\Muzonia.Core.csproj", "{22B968B3-8A1E-4660-A6EF-122AACA8FB7F}"
EndProject
Project("{FAE04EC0-301F-11D3-BF4B-00C04F79EFBC}") = "Muzonia.Utils", "Muzonia.Utils\Muzonia.Utils.csproj", "{0F25CF58-BCF9-44C2-AE7F-FFD98D78786A}"
EndProject
Global
	GlobalSection(SolutionConfigurationPlatforms) = preSolution
		Debug|Any CPU = Debug|Any CPU
		Release|Any CPU = Release|Any CPU
	EndGlobalSection
	GlobalSection(ProjectConfigurationPlatforms) = postSolution
		{22B968B3-8A1E-4660-A6EF-122AACA8FB7F}.Debug|Any CPU.ActiveCfg = Debug|Any CPU
		{22B968B3-8A1E-4660-A6EF-122AACA8FB7F}.Debug|Any CPU.Build.0 = Debug|Any CPU
		{22B968B3-8A1E-4660-A6EF-122AACA8FB7F}.Release|Any CPU.ActiveCfg = Release|Any CPU
		{22B968B3-8A1E-4660-A6EF-122AACA8FB7F}.Release|Any CPU.Build.0 = Release|Any CPU
		{0F25CF58-BCF9-44C2-AE7F-FFD98D78786A}.Debug|Any CPU.ActiveCfg = Debug|Any CPU
		{0F25CF58-BCF9-44C2-AE7F-FFD98D78786A}.Debug|Any CPU.Build.0 = Debug|Any CPU
		{0F25CF58-BCF9-44C2-AE7F-FFD98D78786A}.Release|Any CPU.ActiveCfg = Release|Any CPU
		{0F25CF58-BCF9-44C2-AE7F-FFD98D78786A}.Release|Any CPU.Build.0 = Release|Any CPU
	EndGlobalSection
	GlobalSection(SolutionProperties) = preSolution
		HideSolutionNode = FALSE
	EndGlobalSection
	GlobalSection(ExtensibilityGlobals) = postSolution
		SolutionGuid = {0A378A9D-A5C9-4521-B7A6-2E0D268A44E6}
	EndGlobalSection
EndGlobal
